<?xml version="1.0" encoding="utf-8"?>
<Project ToolsVersion="4.0" xmlns="http://schemas.microsoft.com/developer/msbuild/2003">
  <ItemGroup>
    <Filter Include="소스 파일">
      <UniqueIdentifier>{4FC737F1-C7A5-4376-A066-2A32D752A2FF}</UniqueIdentifier>
      <Extensions>cpp;c;cc;cxx;c++;cppm;ixx;def;odl;idl;hpj;bat;asm;asmx</Extensions>
    </Filter>
    <Filter Include="리소스 파일">
      <UniqueIdentifier>{67DA6AB6-F800-4c08-8B7A-83BB121AAD01}</UniqueIdentifier>
      <Extensions>rc;ico;cur;bmp;dlg;rc2;rct;bin;rgs;gif;jpg;jpeg;jpe;resx;tiff;tif;png;wav;mfcribbon-ms</Extensions>
    </Filter>
    <Filter Include="소스 파일\1주차">
      <UniqueIdentifier>{0cbc8b19-8497-447f-86fd-ea5c646ea40a}</UniqueIdentifier>
    </Filter>
    <Filter Include="소스 파일\3주차">
      <UniqueIdentifier>{8c9c3e4e-b580-42c1-83de-4eab92a00324}</UniqueIdentifier>
    </Filter>
    <Filter Include="소스 파일\4주차">
      <UniqueIdentifier>{1f9ce0ae-611a-4d8f-9f34-37f7d5723b2a}</UniqueIdentifier>
    </Filter>
    <Filter Include="소스 파일\5주차">
      <UniqueIdentifier>{421e0549-a915-42df-b191-074c49d9bccd}</UniqueIdentifier>
    </Filter>
    <Filter Include="소스 파일\6주차">
      <UniqueIdentifier>{e13d99d2-0701-4908-8ba9-04307d2c16ad}</UniqueIdentifier>
    </Filter>
    <Filter Include="소스 파일\7주차">
      <UniqueIdentifier>{be1dd42d-dbb1-47c0-ab97-3041964576af}</UniqueIdentifier>
    </Filter>
    <Filter Include="소스 파일\스터디">
      <UniqueIdentifier>{81fc30e2-dcce-481e-bc2d-892f38352f67}</UniqueIdentifier>
    </Filter>
    <Filter Include="소스 파일\중간고사">
      <UniqueIdentifier>{4f451bc2-9f1f-4f63-a4ab-ea06e7e9c40e}</UniqueIdentifier>
    </Filter>
    <Filter Include="소스 파일\중간고사\1주차">
      <UniqueIdentifier>{e5c6a77b-ac13-47d5-9a08-a6204d7cae99}</UniqueIdentifier>
    </Filter>
    <Filter Include="소스 파일\중간고사\2주차">
      <UniqueIdentifier>{5ef72d33-56a5-4c8c-bf25-c3aa0f0d81af}</UniqueIdentifier>
    </Filter>
    <Filter Include="소스 파일\중간고사\3주차">
      <UniqueIdentifier>{0cd21ce8-ce98-4ffb-a63e-82d01aaf51ce}</UniqueIdentifier>
    </Filter>
    <Filter Include="소스 파일\중간고사\4주차">
      <UniqueIdentifier>{83b3ab3b-ae96-4e2a-a20f-beda516341d8}</UniqueIdentifier>
    </Filter>
    <Filter Include="소스 파일\중간고사\5주차">
      <UniqueIdentifier>{e1156494-e77a-4bad-a127-eefe7b65a81b}</UniqueIdentifier>
    </Filter>
    <Filter Include="소스 파일\중간고사\6주차">
      <UniqueIdentifier>{1f9d78e7-862a-4db7-a5a0-0a3cd29d9b84}</UniqueIdentifier>
    </Filter>
    <Filter Include="소스 파일\중간고사\7주차">
      <UniqueIdentifier>{c8c989aa-5a4f-46bf-b5b7-0727abb44cc4}</UniqueIdentifier>
    </Filter>
    <Filter Include="소스 파일\2주차">
      <UniqueIdentifier>{32775563-c8da-4381-be7f-39c0bca65733}</UniqueIdentifier>
    </Filter>
    <Filter Include="소스 파일\9주차">
      <UniqueIdentifier>{489ad6d8-8de3-4dad-a12d-0580b35faedb}</UniqueIdentifier>
    </Filter>
    <Filter Include="소스 파일\10주차">
      <UniqueIdentifier>{14811dee-70ad-4f7b-ab85-b9996f93995d}</UniqueIdentifier>
    </Filter>
    <Filter Include="소스 파일\11주차">
      <UniqueIdentifier>{f7e08ea6-c15a-46ee-84f0-1af518ddb29a}</UniqueIdentifier>
    </Filter>
    <Filter Include="소스 파일\12주차">
      <UniqueIdentifier>{54f94f60-6896-4ead-bec2-42f730ac979f}</UniqueIdentifier>
    </Filter>
    <Filter Include="소스 파일\13주차">
      <UniqueIdentifier>{c1d3e420-b1c0-45e4-bdd9-e0907153833d}</UniqueIdentifier>
    </Filter>
    <Filter Include="소스 파일\14주차">
      <UniqueIdentifier>{fafd2e73-437f-4415-bbbd-3a2d2732080b}</UniqueIdentifier>
    </Filter>
    <Filter Include="소스 파일\기말고사">
      <UniqueIdentifier>{549d69e3-64ef-4218-b0d4-20ca5dcb819b}</UniqueIdentifier>
    </Filter>
    <Filter Include="소스 파일\기말고사\구현">
      <UniqueIdentifier>{bc77b07c-2b92-4bf5-b58e-5538eae1c71b}</UniqueIdentifier>
    </Filter>
    <Filter Include="소스 파일\기말고사\13주차">
      <UniqueIdentifier>{af3e7623-a7f8-4e58-89b4-ed33781aac6b}</UniqueIdentifier>
    </Filter>
    <Filter Include="소스 파일\기말고사\14주차">
      <UniqueIdentifier>{d738f5c9-3104-4dcd-a858-2910dbbe6420}</UniqueIdentifier>
    </Filter>
    <Filter Include="소스 파일\기말고사\12주차">
      <UniqueIdentifier>{a9121bc5-6f8c-4711-b447-80033c7f9fbf}</UniqueIdentifier>
    </Filter>
    <Filter Include="소스 파일\기말고사\10주차">
      <UniqueIdentifier>{8e7da500-356b-4106-a23d-cd6fe7138adb}</UniqueIdentifier>
    </Filter>
    <Filter Include="소스 파일\기말고사\11주차">
      <UniqueIdentifier>{95491802-8bb5-4f19-a1eb-d7ed62d35a31}</UniqueIdentifier>
    </Filter>
    <Filter Include="소스 파일\기말고사\9주차">
      <UniqueIdentifier>{a321ba57-3bf4-47de-9b4e-4d925809dbda}</UniqueIdentifier>
    </Filter>
    <Filter Include="소스 파일\19년도">
      <UniqueIdentifier>{66e32f26-01f4-4f7b-875c-ec049e840391}</UniqueIdentifier>
    </Filter>
  </ItemGroup>
  <ItemGroup>
    <ClCompile Include="1-1.cpp">
      <Filter>소스 파일\1주차</Filter>
    </ClCompile>
    <ClCompile Include="1-2.cpp">
      <Filter>소스 파일\1주차</Filter>
    </ClCompile>
    <ClCompile Include="2-1.cpp">
      <Filter>소스 파일\2주차</Filter>
    </ClCompile>
    <ClCompile Include="2-2.cpp">
      <Filter>소스 파일\2주차</Filter>
    </ClCompile>
    <ClCompile Include="3-1.cpp">
      <Filter>소스 파일\3주차</Filter>
    </ClCompile>
    <ClCompile Include="4-1.cpp">
      <Filter>소스 파일\4주차</Filter>
    </ClCompile>
    <ClCompile Include="4-2.cpp">
      <Filter>소스 파일\4주차</Filter>
    </ClCompile>
    <ClCompile Include="5-1.cpp">
      <Filter>소스 파일\5주차</Filter>
    </ClCompile>
    <ClCompile Include="5-2.cpp">
      <Filter>소스 파일\5주차</Filter>
    </ClCompile>
    <ClCompile Include="6-1.cpp">
      <Filter>소스 파일\6주차</Filter>
    </ClCompile>
    <ClCompile Include="6-2.cpp">
      <Filter>소스 파일\6주차</Filter>
    </ClCompile>
    <ClCompile Include="7-1.cpp">
      <Filter>소스 파일\7주차</Filter>
    </ClCompile>
    <ClCompile Include="7-3.cpp">
      <Filter>소스 파일\7주차</Filter>
    </ClCompile>
    <ClCompile Include="7-2.cpp">
      <Filter>소스 파일\7주차</Filter>
    </ClCompile>
    <ClCompile Include="7-4.cpp">
      <Filter>소스 파일\7주차</Filter>
    </ClCompile>
    <ClCompile Include="CircularQueue.cpp">
      <Filter>소스 파일\스터디</Filter>
    </ClCompile>
    <ClCompile Include="1021(week4).cpp">
      <Filter>소스 파일\스터디</Filter>
    </ClCompile>
    <ClCompile Include="1874(week2).cpp">
      <Filter>소스 파일\스터디</Filter>
    </ClCompile>
    <ClCompile Include="2164(week4).cpp">
      <Filter>소스 파일\스터디</Filter>
    </ClCompile>
    <ClCompile Include="2263.cpp">
      <Filter>소스 파일\스터디</Filter>
    </ClCompile>
    <ClCompile Include="4540(week3).cpp">
      <Filter>소스 파일\스터디</Filter>
    </ClCompile>
    <ClCompile Include="14729(week3).cpp">
      <Filter>소스 파일\스터디</Filter>
    </ClCompile>
    <ClCompile Include="Tree2.cpp">
      <Filter>소스 파일\스터디</Filter>
    </ClCompile>
    <ClCompile Include="Tree.cpp">
      <Filter>소스 파일\스터디</Filter>
    </ClCompile>
    <ClCompile Include="프린터.cpp">
      <Filter>소스 파일\스터디</Filter>
    </ClCompile>
    <ClCompile Include="m1-1.cpp">
      <Filter>소스 파일\중간고사\1주차</Filter>
    </ClCompile>
    <ClCompile Include="m1-2.cpp">
      <Filter>소스 파일\중간고사\1주차</Filter>
    </ClCompile>
    <ClCompile Include="m1-3.cpp">
      <Filter>소스 파일\중간고사\1주차</Filter>
    </ClCompile>
    <ClCompile Include="m1-4.cpp">
      <Filter>소스 파일\중간고사\1주차</Filter>
    </ClCompile>
    <ClCompile Include="m2-1.cpp">
      <Filter>소스 파일\중간고사\2주차</Filter>
    </ClCompile>
    <ClCompile Include="m2-2.cpp">
      <Filter>소스 파일\중간고사\2주차</Filter>
    </ClCompile>
    <ClCompile Include="m2-3.cpp">
      <Filter>소스 파일\중간고사\2주차</Filter>
    </ClCompile>
    <ClCompile Include="m2-4.cpp">
      <Filter>소스 파일\중간고사\2주차</Filter>
    </ClCompile>
    <ClCompile Include="m3-1.cpp">
      <Filter>소스 파일\중간고사\3주차</Filter>
    </ClCompile>
    <ClCompile Include="m3-2.cpp">
      <Filter>소스 파일\중간고사\3주차</Filter>
    </ClCompile>
    <ClCompile Include="m3-3.cpp">
      <Filter>소스 파일\중간고사\3주차</Filter>
    </ClCompile>
    <ClCompile Include="m3-4.cpp">
      <Filter>소스 파일\중간고사\3주차</Filter>
    </ClCompile>
    <ClCompile Include="m4-1.cpp">
      <Filter>소스 파일\중간고사\4주차</Filter>
    </ClCompile>
    <ClCompile Include="m4-2.cpp">
      <Filter>소스 파일\중간고사\4주차</Filter>
    </ClCompile>
    <ClCompile Include="m4-3.cpp">
      <Filter>소스 파일\중간고사\4주차</Filter>
    </ClCompile>
    <ClCompile Include="m4-4.cpp">
      <Filter>소스 파일\중간고사\4주차</Filter>
    </ClCompile>
    <ClCompile Include="m5-1.cpp">
      <Filter>소스 파일\중간고사\5주차</Filter>
    </ClCompile>
    <ClCompile Include="m5-2.cpp">
      <Filter>소스 파일\중간고사\5주차</Filter>
    </ClCompile>
    <ClCompile Include="m5-3.cpp">
      <Filter>소스 파일\중간고사\5주차</Filter>
    </ClCompile>
    <ClCompile Include="m5-4.cpp">
      <Filter>소스 파일\중간고사\5주차</Filter>
    </ClCompile>
    <ClCompile Include="m6-1.cpp">
      <Filter>소스 파일\중간고사\6주차</Filter>
    </ClCompile>
    <ClCompile Include="m6-2.cpp">
      <Filter>소스 파일\중간고사\6주차</Filter>
    </ClCompile>
    <ClCompile Include="m6-3.cpp">
      <Filter>소스 파일\중간고사\6주차</Filter>
    </ClCompile>
    <ClCompile Include="m6-4.cpp">
      <Filter>소스 파일\중간고사\6주차</Filter>
    </ClCompile>
    <ClCompile Include="m7-1.cpp">
      <Filter>소스 파일\중간고사\7주차</Filter>
    </ClCompile>
    <ClCompile Include="m7-2.cpp">
      <Filter>소스 파일\중간고사\7주차</Filter>
    </ClCompile>
    <ClCompile Include="m7-3.cpp">
      <Filter>소스 파일\중간고사\7주차</Filter>
    </ClCompile>
    <ClCompile Include="m7-4.cpp">
      <Filter>소스 파일\중간고사\7주차</Filter>
    </ClCompile>
    <ClCompile Include="3-2.cpp">
      <Filter>소스 파일\3주차</Filter>
    </ClCompile>
    <ClCompile Include="9-1.cpp">
      <Filter>소스 파일\9주차</Filter>
    </ClCompile>
    <ClCompile Include="9-2.cpp">
      <Filter>소스 파일\9주차</Filter>
    </ClCompile>
    <ClCompile Include="2075.cpp">
      <Filter>소스 파일\스터디</Filter>
    </ClCompile>
    <ClCompile Include="11399.cpp">
      <Filter>소스 파일\스터디</Filter>
    </ClCompile>
    <ClCompile Include="10-1.cpp">
      <Filter>소스 파일\10주차</Filter>
    </ClCompile>
    <ClCompile Include="10-2.cpp">
      <Filter>소스 파일\10주차</Filter>
    </ClCompile>
    <ClCompile Include="1715.cpp">
      <Filter>소스 파일\스터디</Filter>
    </ClCompile>
    <ClCompile Include="11-2.cpp">
      <Filter>소스 파일\11주차</Filter>
    </ClCompile>
    <ClCompile Include="11-1.cpp">
      <Filter>소스 파일\11주차</Filter>
    </ClCompile>
    <ClCompile Include="11-3.cpp">
      <Filter>소스 파일\11주차</Filter>
    </ClCompile>
    <ClCompile Include="11-4.cpp">
      <Filter>소스 파일\11주차</Filter>
    </ClCompile>
    <ClCompile Include="9-3.cpp">
      <Filter>소스 파일\9주차</Filter>
    </ClCompile>
    <ClCompile Include="9-4.cpp">
      <Filter>소스 파일\9주차</Filter>
    </ClCompile>
    <ClCompile Include="10-3.cpp">
      <Filter>소스 파일\10주차</Filter>
    </ClCompile>
    <ClCompile Include="10-4.cpp">
      <Filter>소스 파일\10주차</Filter>
    </ClCompile>
    <ClCompile Include="인접행렬그래프.cpp">
      <Filter>소스 파일\기말고사\구현</Filter>
    </ClCompile>
    <ClCompile Include="인접리스트그래프.cpp">
      <Filter>소스 파일\기말고사\구현</Filter>
    </ClCompile>
    <ClCompile Include="f9-1.cpp">
      <Filter>소스 파일\기말고사\9주차</Filter>
    </ClCompile>
    <ClCompile Include="f9-2.cpp">
      <Filter>소스 파일\기말고사\9주차</Filter>
    </ClCompile>
    <ClCompile Include="f9-3.cpp">
      <Filter>소스 파일\기말고사\9주차</Filter>
    </ClCompile>
    <ClCompile Include="f9-4.cpp">
      <Filter>소스 파일\기말고사\9주차</Filter>
    </ClCompile>
    <ClCompile Include="f10-1.cpp">
      <Filter>소스 파일\기말고사\10주차</Filter>
    </ClCompile>
    <ClCompile Include="f10-2.cpp">
      <Filter>소스 파일\기말고사\10주차</Filter>
    </ClCompile>
    <ClCompile Include="f10-3.cpp">
      <Filter>소스 파일\기말고사\10주차</Filter>
    </ClCompile>
    <ClCompile Include="f10-4.cpp">
      <Filter>소스 파일\기말고사\10주차</Filter>
    </ClCompile>
    <ClCompile Include="f11-1.cpp">
      <Filter>소스 파일\기말고사\11주차</Filter>
    </ClCompile>
    <ClCompile Include="f11-2.cpp">
      <Filter>소스 파일\기말고사\11주차</Filter>
    </ClCompile>
    <ClCompile Include="f11-3.cpp">
      <Filter>소스 파일\기말고사\11주차</Filter>
    </ClCompile>
    <ClCompile Include="f11-4.cpp">
      <Filter>소스 파일\기말고사\11주차</Filter>
    </ClCompile>
    <ClCompile Include="12-4.cpp">
      <Filter>소스 파일\12주차</Filter>
    </ClCompile>
    <ClCompile Include="12-1.cpp">
      <Filter>소스 파일\12주차</Filter>
    </ClCompile>
    <ClCompile Include="12-2.cpp">
      <Filter>소스 파일\12주차</Filter>
    </ClCompile>
    <ClCompile Include="12-3.cpp">
      <Filter>소스 파일\12주차</Filter>
    </ClCompile>
    <ClCompile Include="f12-1.cpp">
      <Filter>소스 파일\기말고사\12주차</Filter>
    </ClCompile>
    <ClCompile Include="f12-2.cpp">
      <Filter>소스 파일\기말고사\12주차</Filter>
    </ClCompile>
    <ClCompile Include="f12-3.cpp">
      <Filter>소스 파일\기말고사\12주차</Filter>
    </ClCompile>
    <ClCompile Include="f12-4.cpp">
      <Filter>소스 파일\기말고사\12주차</Filter>
    </ClCompile>
    <ClCompile Include="13-1.cpp">
      <Filter>소스 파일\13주차</Filter>
    </ClCompile>
    <ClCompile Include="13-2.cpp">
      <Filter>소스 파일\13주차</Filter>
    </ClCompile>
    <ClCompile Include="13-3.cpp">
      <Filter>소스 파일\13주차</Filter>
    </ClCompile>
    <ClCompile Include="13-4.cpp">
      <Filter>소스 파일\13주차</Filter>
    </ClCompile>
    <ClCompile Include="f13-1.cpp">
      <Filter>소스 파일\기말고사\13주차</Filter>
    </ClCompile>
    <ClCompile Include="f13-2.cpp">
      <Filter>소스 파일\기말고사\13주차</Filter>
    </ClCompile>
    <ClCompile Include="f13-3.cpp">
      <Filter>소스 파일\기말고사\13주차</Filter>
    </ClCompile>
    <ClCompile Include="f13-4.cpp">
      <Filter>소스 파일\기말고사\13주차</Filter>
    </ClCompile>
    <ClCompile Include="14-1.cpp">
      <Filter>소스 파일\14주차</Filter>
    </ClCompile>
    <ClCompile Include="14-2.cpp">
      <Filter>소스 파일\14주차</Filter>
    </ClCompile>
    <ClCompile Include="14-3.cpp">
      <Filter>소스 파일\14주차</Filter>
    </ClCompile>
    <ClCompile Include="14-4.cpp">
      <Filter>소스 파일\14주차</Filter>
    </ClCompile>
    <ClCompile Include="f14-1.cpp">
      <Filter>소스 파일\기말고사\14주차</Filter>
    </ClCompile>
    <ClCompile Include="f14-2.cpp">
      <Filter>소스 파일\기말고사\14주차</Filter>
    </ClCompile>
    <ClCompile Include="f14-3.cpp">
      <Filter>소스 파일\기말고사\14주차</Filter>
    </ClCompile>
    <ClCompile Include="f14-4.cpp">
      <Filter>소스 파일\기말고사\14주차</Filter>
    </ClCompile>
    <ClCompile Include="19-9.cpp">
      <Filter>소스 파일\19년도</Filter>
    </ClCompile>
    <ClCompile Include="19-10.cpp">
      <Filter>소스 파일\19년도</Filter>
    </ClCompile>
    <ClCompile Include="19-12.cpp">
      <Filter>소스 파일\19년도</Filter>
    </ClCompile>
    <ClCompile Include="19-13.cpp">
      <Filter>소스 파일\19년도</Filter>
    </ClCompile>
    <ClCompile Include="19-14.cpp">
      <Filter>소스 파일\19년도</Filter>
    </ClCompile>
    <ClCompile Include="19-99.cpp">
      <Filter>소스 파일\19년도</Filter>
    </ClCompile>
    <ClCompile Include="19-1010.cpp">
      <Filter>소스 파일\19년도</Filter>
    </ClCompile>
    <ClCompile Include="19-1111.cpp">
      <Filter>소스 파일\19년도</Filter>
    </ClCompile>
    <ClCompile Include="19-1212.cpp">
      <Filter>소스 파일\19년도</Filter>
    </ClCompile>
    <ClCompile Include="19-1313.cpp">
      <Filter>소스 파일\19년도</Filter>
    </ClCompile>
    <ClCompile Include="19-1414.cpp">
      <Filter>소스 파일\19년도</Filter>
    </ClCompile>
    <ClCompile Include="19-131313.cpp">
      <Filter>소스 파일\19년도</Filter>
    </ClCompile>
    <ClCompile Include="19-14141414.cpp">
      <Filter>소스 파일\19년도</Filter>
    </ClCompile>
  </ItemGroup>
</Project>